
Microsoft Visual Studio Solution File, Format Version 12.00
# Visual Studio Version 16
VisualStudioVersion = 16.0.30907.101
MinimumVisualStudioVersion = 10.0.40219.1
Project("{FAE04EC0-301F-11D3-BF4B-00C04F79EFBC}") = "Clock", "F012Beta\Clock.csproj", "{6165A19D-61B2-4801-809B-7E64185FC165}"
EndProject
Global
	GlobalSection(SolutionConfigurationPlatforms) = preSolution
		Debug|Any CPU = Debug|Any CPU
		Release|Any CPU = Release|Any CPU
	EndGlobalSection
	GlobalSection(ProjectConfigurationPlatforms) = postSolution
		{6165A19D-61B2-4801-809B-7E64185FC165}.Debug|Any CPU.ActiveCfg = Debug|Any CPU
		{6165A19D-61B2-4801-809B-7E64185FC165}.Debug|Any CPU.Build.0 = Debug|Any CPU
		{6165A19D-61B2-4801-809B-7E64185FC165}.Release|Any CPU.ActiveCfg = Release|Any CPU
		{6165A19D-61B2-4801-809B-7E64185FC165}.Release|Any CPU.Build.0 = Release|Any CPU
	EndGlobalSection
	GlobalSection(SolutionProperties) = preSolution
		HideSolutionNode = FALSE
	EndGlobalSection
	GlobalSection(ExtensibilityGlobals) = postSolution
		SolutionGuid = {C57BC44F-16C7-472E-8F8A-E86ECAE3AE41}
	EndGlobalSection
EndGlobal
